
Microsoft Visual Studio Solution File, Format Version 12.00
# Visual Studio 15
VisualStudioVersion = 15.0.27703.2047
MinimumVisualStudioVersion = 10.0.40219.1
Project("{FAE04EC0-301F-11D3-BF4B-00C04F79EFBC}") = "ProjetIA", "ProjetIA\ProjetIA.csproj", "{BCC255A9-0A87-4F51-AEF0-8473FF71A89A}"
EndProject
Global
	GlobalSection(SolutionConfigurationPlatforms) = preSolution
		Debug|Any CPU = Debug|Any CPU
		Release|Any CPU = Release|Any CPU
	EndGlobalSection
	GlobalSection(ProjectConfigurationPlatforms) = postSolution
		{BCC255A9-0A87-4F51-AEF0-8473FF71A89A}.Debug|Any CPU.ActiveCfg = Debug|Any CPU
		{BCC255A9-0A87-4F51-AEF0-8473FF71A89A}.Debug|Any CPU.Build.0 = Debug|Any CPU
		{BCC255A9-0A87-4F51-AEF0-8473FF71A89A}.Release|Any CPU.ActiveCfg = Release|Any CPU
		{BCC255A9-0A87-4F51-AEF0-8473FF71A89A}.Release|Any CPU.Build.0 = Release|Any CPU
	EndGlobalSection
	GlobalSection(SolutionProperties) = preSolution
		HideSolutionNode = FALSE
	EndGlobalSection
	GlobalSection(ExtensibilityGlobals) = postSolution
		SolutionGuid = {82A8AAA3-DFB8-4E0C-9CC4-F213FA2197CC}
	EndGlobalSection
EndGlobal
